
Microsoft Visual Studio Solution File, Format Version 12.00
# Visual Studio Version 17
VisualStudioVersion = 17.14.36511.14 d17.14
MinimumVisualStudioVersion = 10.0.40219.1
Project("{2150E333-8FDC-42A3-9474-1A3956D46DE8}") = "docs", "docs", "{7BBF1F41-592D-454B-8325-0493F94FC262}"
	ProjectSection(SolutionItems) = preProject
		..\docs\changelog.md = ..\docs\changelog.md
		..\docs\installation.md = ..\docs\installation.md
		..\docs\powerbi.md = ..\docs\powerbi.md
		..\readme.md = ..\readme.md
	EndProjectSection
EndProject
Project("{2150E333-8FDC-42A3-9474-1A3956D46DE8}") = "templates", "templates", "{3EECE65B-930C-4FD4-B796-6C314A87CBDE}"
	ProjectSection(SolutionItems) = preProject
		tradecontrol.pbit = tradecontrol.pbit
	EndProjectSection
EndProject
Project("{00D1A9C2-B5F0-4AF3-8072-F6C62B433612}") = "TestData", "TestData\TestData.sqlproj", "{BBDFD323-C1A3-4019-9353-0787121C4006}"
EndProject
Global
	GlobalSection(SolutionConfigurationPlatforms) = preSolution
		Debug|Any CPU = Debug|Any CPU
		Release|Any CPU = Release|Any CPU
	EndGlobalSection
	GlobalSection(ProjectConfigurationPlatforms) = postSolution
		{BBDFD323-C1A3-4019-9353-0787121C4006}.Debug|Any CPU.ActiveCfg = Debug|Any CPU
		{BBDFD323-C1A3-4019-9353-0787121C4006}.Debug|Any CPU.Build.0 = Debug|Any CPU
		{BBDFD323-C1A3-4019-9353-0787121C4006}.Debug|Any CPU.Deploy.0 = Debug|Any CPU
		{BBDFD323-C1A3-4019-9353-0787121C4006}.Release|Any CPU.ActiveCfg = Release|Any CPU
		{BBDFD323-C1A3-4019-9353-0787121C4006}.Release|Any CPU.Build.0 = Release|Any CPU
		{BBDFD323-C1A3-4019-9353-0787121C4006}.Release|Any CPU.Deploy.0 = Release|Any CPU
	EndGlobalSection
	GlobalSection(SolutionProperties) = preSolution
		HideSolutionNode = FALSE
	EndGlobalSection
	GlobalSection(ExtensibilityGlobals) = postSolution
		SolutionGuid = {84EC1C73-6793-4B95-9EE2-21195948D03C}
	EndGlobalSection
EndGlobal
